
Microsoft Visual Studio Solution File, Format Version 12.00
# Visual Studio Version 16
VisualStudioVersion = 16.0.33927.289
MinimumVisualStudioVersion = 10.0.40219.1
Project("{2150E333-8FDC-42A3-9474-1A3956D46DE8}") = "Task0", "Task0", "{47A930F6-D14D-49C3-9FFB-DFF92A9F19CA}"
EndProject
Project("{FAE04EC0-301F-11D3-BF4B-00C04F79EFBC}") = "Tyuiu.ShtolVA.Sprint2.Task0.V13", "Tyuiu.ShtolVA.Sprint2.Task0.V13\Tyuiu.ShtolVA.Sprint2.Task0.V13.csproj", "{79200ABC-648A-4880-ACAB-7B92AB1D3A23}"
EndProject
Project("{FAE04EC0-301F-11D3-BF4B-00C04F79EFBC}") = "Tyuiu.ShtolVA.Sprint2.Task0.V13.Lib", "Tyuiu.ShtolVA.Sprint2.Task0.V13.Lib\Tyuiu.ShtolVA.Sprint2.Task0.V13.Lib.csproj", "{76DB8763-3A59-441F-8AA4-77C8088AD6D0}"
EndProject
Project("{FAE04EC0-301F-11D3-BF4B-00C04F79EFBC}") = "Tyuiu.ShtolVA.Sprint2.Task0.V13.Test", "Tyuiu.ShtolVA.Sprint2.Task0.V13.Test\Tyuiu.ShtolVA.Sprint2.Task0.V13.Test.csproj", "{C60CA30D-3F85-4EAD-8777-86097F4E0065}"
EndProject
Project("{2150E333-8FDC-42A3-9474-1A3956D46DE8}") = "Task1", "Task1", "{F63F4EA3-55F2-4E43-8986-09979C26F906}"
EndProject
Project("{FAE04EC0-301F-11D3-BF4B-00C04F79EFBC}") = "Tyuiu.ShtolVA.Sprint2.Task1.V26", "Tyuiu.ShtolVA.Sprint2.Task1.V26\Tyuiu.ShtolVA.Sprint2.Task1.V26.csproj", "{DEEC94F5-7CE2-4FA7-840C-C7DE2DFA284E}"
EndProject
Project("{FAE04EC0-301F-11D3-BF4B-00C04F79EFBC}") = "Tyuiu.ShtolVA.Sprint2.Task1.V26.Lib", "Tyuiu.ShtolVA.Sprint2.Task1.V26.Lib\Tyuiu.ShtolVA.Sprint2.Task1.V26.Lib.csproj", "{8B4BF4C7-AF0A-47C4-8B9D-F9D9FFE4CB42}"
EndProject
Project("{FAE04EC0-301F-11D3-BF4B-00C04F79EFBC}") = "Tyuiu.ShtolVA.Sprint2.Task1.V26.Test", "Tyuiu.ShtolVA.Sprint2.Task1.V26.Test\Tyuiu.ShtolVA.Sprint2.Task1.V26.Test.csproj", "{2B4194DB-4BCC-4325-8E5E-50C7BFE86BB4}"
EndProject
Project("{2150E333-8FDC-42A3-9474-1A3956D46DE8}") = "Task2", "Task2", "{1E4F4C68-F5FC-43BE-ABB1-B97FDDF2461B}"
EndProject
Project("{FAE04EC0-301F-11D3-BF4B-00C04F79EFBC}") = "Tyuiu.ShtolVA.Sprint2.Task2.V2", "Tyuiu.ShtolVA.Sprint2.Task2.V2\Tyuiu.ShtolVA.Sprint2.Task2.V2.csproj", "{BE1DFAEE-3643-4D36-B93A-50975A85D216}"
EndProject
Project("{FAE04EC0-301F-11D3-BF4B-00C04F79EFBC}") = "Tyuiu.ShtolVA.Sprint2.Task2.V2.Lib", "Tyuiu.ShtolVA.Sprint2.Task2.V2.Lib\Tyuiu.ShtolVA.Sprint2.Task2.V2.Lib.csproj", "{5E77D7C4-B221-487D-8F4F-A95BD93AD3E0}"
EndProject
Project("{FAE04EC0-301F-11D3-BF4B-00C04F79EFBC}") = "Tyuiu.ShtolVA.Sprint2.Task2.V2.Test", "Tyuiu.ShtolVA.Sprint2.Task2.V2.Test\Tyuiu.ShtolVA.Sprint2.Task2.V2.Test.csproj", "{FD203820-4528-45AC-A32F-E486E67F8DB2}"
EndProject
Project("{2150E333-8FDC-42A3-9474-1A3956D46DE8}") = "Task3", "Task3", "{D9A497CE-A06B-4B8D-AA2B-708425ADE9F9}"
EndProject
Project("{FAE04EC0-301F-11D3-BF4B-00C04F79EFBC}") = "Tyuiu.ShtolVA.Sprint2.Task3.V11", "Tyuiu.ShtolVA.Sprint2.Task3.V11\Tyuiu.ShtolVA.Sprint2.Task3.V11.csproj", "{6F59F65E-5764-4634-A830-239FEA29737D}"
EndProject
Project("{FAE04EC0-301F-11D3-BF4B-00C04F79EFBC}") = "Tyuiu.ShtolVA.Sprint2.Task3.V11.Lib", "Tyuiu.ShtolVA.Sprint2.Task3.V11.Lib\Tyuiu.ShtolVA.Sprint2.Task3.V11.Lib.csproj", "{A20F3736-D98A-46AD-A718-E5EAA620201E}"
EndProject
Project("{FAE04EC0-301F-11D3-BF4B-00C04F79EFBC}") = "Tyuiu.ShtolVA.Sprint2.Task3.V11.Test", "Tyuiu.ShtolVA.Sprint2.Task3.V11.Test\Tyuiu.ShtolVA.Sprint2.Task3.V11.Test.csproj", "{01BDB659-3D0C-412A-A215-49E5EE767E38}"
EndProject
Project("{2150E333-8FDC-42A3-9474-1A3956D46DE8}") = "Task4", "Task4", "{A21F8642-B9D8-4611-98D6-7D6124C0948D}"
EndProject
Project("{FAE04EC0-301F-11D3-BF4B-00C04F79EFBC}") = "Tyuiu.ShtolVA.Sprint2.Task4.V27", "Tyuiu.ShtolVA.Sprint2.Task4.V27\Tyuiu.ShtolVA.Sprint2.Task4.V27.csproj", "{D25EB61A-9160-4029-AAC9-9F956B194DD2}"
EndProject
Project("{FAE04EC0-301F-11D3-BF4B-00C04F79EFBC}") = "Tyuiu.ShtolVA.Sprint2.Task4.V27.Lib", "Tyuiu.ShtolVA.Sprint2.Task4.V27.Lib\Tyuiu.ShtolVA.Sprint2.Task4.V27.Lib.csproj", "{A8EA4C1C-80C9-4547-A059-032A4AB8C26D}"
EndProject
Project("{FAE04EC0-301F-11D3-BF4B-00C04F79EFBC}") = "Tyuiu.ShtolVA.Sprint2.Task4.V27.Test", "Tyuiu.ShtolVA.Sprint2.Task4.V27.Test\Tyuiu.ShtolVA.Sprint2.Task4.V27.Test.csproj", "{AF39CA7E-EDB2-4C05-BB85-BB9D1A87E0D7}"
EndProject
Project("{2150E333-8FDC-42A3-9474-1A3956D46DE8}") = "Task5", "Task5", "{1A3B25A7-D1D3-4CD2-9AC7-11EFECA88B00}"
EndProject
Project("{FAE04EC0-301F-11D3-BF4B-00C04F79EFBC}") = "Tyuiu.ShtolVA.Sprint2.Task5.V4", "Tyuiu.ShtolVA.Sprint2.Task5.V4\Tyuiu.ShtolVA.Sprint2.Task5.V4.csproj", "{1643C0BA-0E66-49C0-914F-74D4E8F13B96}"
EndProject
Project("{FAE04EC0-301F-11D3-BF4B-00C04F79EFBC}") = "Tyuiu.ShtolVA.Sprint2.Task5.V4.Lib", "Tyuiu.ShtolVA.Sprint2.Task5.V4.Lib\Tyuiu.ShtolVA.Sprint2.Task5.V4.Lib.csproj", "{2B957C3A-4D9B-4852-8573-A3B0832B4FE5}"
EndProject
Project("{FAE04EC0-301F-11D3-BF4B-00C04F79EFBC}") = "Tyuiu.ShtolVA.Sprint2.Task5.V4.Test", "Tyuiu.ShtolVA.Sprint2.Task5.V4.Test\Tyuiu.ShtolVA.Sprint2.Task5.V4.Test.csproj", "{51978822-7F6A-41A2-B871-6392150A7C34}"
EndProject
Project("{2150E333-8FDC-42A3-9474-1A3956D46DE8}") = "Task6", "Task6", "{D07A8A29-6B65-4CA8-A906-32E910CA9276}"
EndProject
Project("{FAE04EC0-301F-11D3-BF4B-00C04F79EFBC}") = "Tyuiu.ShtolVA.Sprint2.Task6.V11", "Tyuiu.ShtolVA.Sprint2.Task6.V11\Tyuiu.ShtolVA.Sprint2.Task6.V11.csproj", "{8B715C9E-74D5-4A44-99B5-1CFFF70F7AFF}"
EndProject
Project("{FAE04EC0-301F-11D3-BF4B-00C04F79EFBC}") = "Tyuiu.ShtolVA.Sprint2.Task6.V11.Lib", "Tyuiu.ShtolVA.Sprint2.Task6.V11.Lib\Tyuiu.ShtolVA.Sprint2.Task6.V11.Lib.csproj", "{79735950-E75B-44F1-B8D3-8227A4E26B01}"
EndProject
Project("{FAE04EC0-301F-11D3-BF4B-00C04F79EFBC}") = "Tyuiu.ShtolVA.Sprint2.Task6.V11.Test", "Tyuiu.ShtolVA.Sprint2.Task6.V11.Test\Tyuiu.ShtolVA.Sprint2.Task6.V11.Test.csproj", "{57ED58A2-3F64-49CE-B3D6-8C8A1B1E1AFA}"
EndProject
Project("{2150E333-8FDC-42A3-9474-1A3956D46DE8}") = "Task7", "Task7", "{AEBB3654-3BAF-46E3-82D6-6397C1E38E23}"
EndProject
Project("{FAE04EC0-301F-11D3-BF4B-00C04F79EFBC}") = "Tyuiu.ShtolVA.Sprint2.Task7.V15", "Tyuiu.ShtolVA.Sprint2.Task7.V15\Tyuiu.ShtolVA.Sprint2.Task7.V15.csproj", "{74FAD53D-C9AA-40E4-985C-67BB0C242CD8}"
EndProject
Project("{FAE04EC0-301F-11D3-BF4B-00C04F79EFBC}") = "Tyuiu.ShtolVA.Sprint2.Task7.V15.Lib", "Tyuiu.ShtolVA.Sprint2.Task7.V15.Lib\Tyuiu.ShtolVA.Sprint2.Task7.V15.Lib.csproj", "{40BF7C63-EBD6-4DF8-BE32-3FD7634E62C0}"
EndProject
Project("{FAE04EC0-301F-11D3-BF4B-00C04F79EFBC}") = "Tyuiu.ShtolVA.Sprint2.Task7.V15.Test", "Tyuiu.ShtolVA.Sprint2.Task7.V15.Test\Tyuiu.ShtolVA.Sprint2.Task7.V15.Test.csproj", "{011754CD-BFFD-46D5-87A8-BCF7DABD4675}"
EndProject
Global
	GlobalSection(SolutionConfigurationPlatforms) = preSolution
		Debug|Any CPU = Debug|Any CPU
		Release|Any CPU = Release|Any CPU
	EndGlobalSection
	GlobalSection(ProjectConfigurationPlatforms) = postSolution
		{79200ABC-648A-4880-ACAB-7B92AB1D3A23}.Debug|Any CPU.ActiveCfg = Debug|Any CPU
		{79200ABC-648A-4880-ACAB-7B92AB1D3A23}.Debug|Any CPU.Build.0 = Debug|Any CPU
		{79200ABC-648A-4880-ACAB-7B92AB1D3A23}.Release|Any CPU.ActiveCfg = Release|Any CPU
		{79200ABC-648A-4880-ACAB-7B92AB1D3A23}.Release|Any CPU.Build.0 = Release|Any CPU
		{76DB8763-3A59-441F-8AA4-77C8088AD6D0}.Debug|Any CPU.ActiveCfg = Debug|Any CPU
		{76DB8763-3A59-441F-8AA4-77C8088AD6D0}.Debug|Any CPU.Build.0 = Debug|Any CPU
		{76DB8763-3A59-441F-8AA4-77C8088AD6D0}.Release|Any CPU.ActiveCfg = Release|Any CPU
		{76DB8763-3A59-441F-8AA4-77C8088AD6D0}.Release|Any CPU.Build.0 = Release|Any CPU
		{C60CA30D-3F85-4EAD-8777-86097F4E0065}.Debug|Any CPU.ActiveCfg = Debug|Any CPU
		{C60CA30D-3F85-4EAD-8777-86097F4E0065}.Debug|Any CPU.Build.0 = Debug|Any CPU
		{C60CA30D-3F85-4EAD-8777-86097F4E0065}.Release|Any CPU.ActiveCfg = Release|Any CPU
		{C60CA30D-3F85-4EAD-8777-86097F4E0065}.Release|Any CPU.Build.0 = Release|Any CPU
		{DEEC94F5-7CE2-4FA7-840C-C7DE2DFA284E}.Debug|Any CPU.ActiveCfg = Debug|Any CPU
		{DEEC94F5-7CE2-4FA7-840C-C7DE2DFA284E}.Debug|Any CPU.Build.0 = Debug|Any CPU
		{DEEC94F5-7CE2-4FA7-840C-C7DE2DFA284E}.Release|Any CPU.ActiveCfg = Release|Any CPU
		{DEEC94F5-7CE2-4FA7-840C-C7DE2DFA284E}.Release|Any CPU.Build.0 = Release|Any CPU
		{8B4BF4C7-AF0A-47C4-8B9D-F9D9FFE4CB42}.Debug|Any CPU.ActiveCfg = Debug|Any CPU
		{8B4BF4C7-AF0A-47C4-8B9D-F9D9FFE4CB42}.Debug|Any CPU.Build.0 = Debug|Any CPU
		{8B4BF4C7-AF0A-47C4-8B9D-F9D9FFE4CB42}.Release|Any CPU.ActiveCfg = Release|Any CPU
		{8B4BF4C7-AF0A-47C4-8B9D-F9D9FFE4CB42}.Release|Any CPU.Build.0 = Release|Any CPU
		{2B4194DB-4BCC-4325-8E5E-50C7BFE86BB4}.Debug|Any CPU.ActiveCfg = Debug|Any CPU
		{2B4194DB-4BCC-4325-8E5E-50C7BFE86BB4}.Debug|Any CPU.Build.0 = Debug|Any CPU
		{2B4194DB-4BCC-4325-8E5E-50C7BFE86BB4}.Release|Any CPU.ActiveCfg = Release|Any CPU
		{2B4194DB-4BCC-4325-8E5E-50C7BFE86BB4}.Release|Any CPU.Build.0 = Release|Any CPU
		{BE1DFAEE-3643-4D36-B93A-50975A85D216}.Debug|Any CPU.ActiveCfg = Debug|Any CPU
		{BE1DFAEE-3643-4D36-B93A-50975A85D216}.Debug|Any CPU.Build.0 = Debug|Any CPU
		{BE1DFAEE-3643-4D36-B93A-50975A85D216}.Release|Any CPU.ActiveCfg = Release|Any CPU
		{BE1DFAEE-3643-4D36-B93A-50975A85D216}.Release|Any CPU.Build.0 = Release|Any CPU
		{5E77D7C4-B221-487D-8F4F-A95BD93AD3E0}.Debug|Any CPU.ActiveCfg = Debug|Any CPU
		{5E77D7C4-B221-487D-8F4F-A95BD93AD3E0}.Debug|Any CPU.Build.0 = Debug|Any CPU
		{5E77D7C4-B221-487D-8F4F-A95BD93AD3E0}.Release|Any CPU.ActiveCfg = Release|Any CPU
		{5E77D7C4-B221-487D-8F4F-A95BD93AD3E0}.Release|Any CPU.Build.0 = Release|Any CPU
		{FD203820-4528-45AC-A32F-E486E67F8DB2}.Debug|Any CPU.ActiveCfg = Debug|Any CPU
		{FD203820-4528-45AC-A32F-E486E67F8DB2}.Debug|Any CPU.Build.0 = Debug|Any CPU
		{FD203820-4528-45AC-A32F-E486E67F8DB2}.Release|Any CPU.ActiveCfg = Release|Any CPU
		{FD203820-4528-45AC-A32F-E486E67F8DB2}.Release|Any CPU.Build.0 = Release|Any CPU
		{6F59F65E-5764-4634-A830-239FEA29737D}.Debug|Any CPU.ActiveCfg = Debug|Any CPU
		{6F59F65E-5764-4634-A830-239FEA29737D}.Debug|Any CPU.Build.0 = Debug|Any CPU
		{6F59F65E-5764-4634-A830-239FEA29737D}.Release|Any CPU.ActiveCfg = Release|Any CPU
		{6F59F65E-5764-4634-A830-239FEA29737D}.Release|Any CPU.Build.0 = Release|Any CPU
		{A20F3736-D98A-46AD-A718-E5EAA620201E}.Debug|Any CPU.ActiveCfg = Debug|Any CPU
		{A20F3736-D98A-46AD-A718-E5EAA620201E}.Debug|Any CPU.Build.0 = Debug|Any CPU
		{A20F3736-D98A-46AD-A718-E5EAA620201E}.Release|Any CPU.ActiveCfg = Release|Any CPU
		{A20F3736-D98A-46AD-A718-E5EAA620201E}.Release|Any CPU.Build.0 = Release|Any CPU
		{01BDB659-3D0C-412A-A215-49E5EE767E38}.Debug|Any CPU.ActiveCfg = Debug|Any CPU
		{01BDB659-3D0C-412A-A215-49E5EE767E38}.Debug|Any CPU.Build.0 = Debug|Any CPU
		{01BDB659-3D0C-412A-A215-49E5EE767E38}.Release|Any CPU.ActiveCfg = Release|Any CPU
		{01BDB659-3D0C-412A-A215-49E5EE767E38}.Release|Any CPU.Build.0 = Release|Any CPU
		{D25EB61A-9160-4029-AAC9-9F956B194DD2}.Debug|Any CPU.ActiveCfg = Debug|Any CPU
		{D25EB61A-9160-4029-AAC9-9F956B194DD2}.Debug|Any CPU.Build.0 = Debug|Any CPU
		{D25EB61A-9160-4029-AAC9-9F956B194DD2}.Release|Any CPU.ActiveCfg = Release|Any CPU
		{D25EB61A-9160-4029-AAC9-9F956B194DD2}.Release|Any CPU.Build.0 = Release|Any CPU
		{A8EA4C1C-80C9-4547-A059-032A4AB8C26D}.Debug|Any CPU.ActiveCfg = Debug|Any CPU
		{A8EA4C1C-80C9-4547-A059-032A4AB8C26D}.Debug|Any CPU.Build.0 = Debug|Any CPU
		{A8EA4C1C-80C9-4547-A059-032A4AB8C26D}.Release|Any CPU.ActiveCfg = Release|Any CPU
		{A8EA4C1C-80C9-4547-A059-032A4AB8C26D}.Release|Any CPU.Build.0 = Release|Any CPU
		{AF39CA7E-EDB2-4C05-BB85-BB9D1A87E0D7}.Debug|Any CPU.ActiveCfg = Debug|Any CPU
		{AF39CA7E-EDB2-4C05-BB85-BB9D1A87E0D7}.Debug|Any CPU.Build.0 = Debug|Any CPU
		{AF39CA7E-EDB2-4C05-BB85-BB9D1A87E0D7}.Release|Any CPU.ActiveCfg = Release|Any CPU
		{AF39CA7E-EDB2-4C05-BB85-BB9D1A87E0D7}.Release|Any CPU.Build.0 = Release|Any CPU
		{1643C0BA-0E66-49C0-914F-74D4E8F13B96}.Debug|Any CPU.ActiveCfg = Debug|Any CPU
		{1643C0BA-0E66-49C0-914F-74D4E8F13B96}.Debug|Any CPU.Build.0 = Debug|Any CPU
		{1643C0BA-0E66-49C0-914F-74D4E8F13B96}.Release|Any CPU.ActiveCfg = Release|Any CPU
		{1643C0BA-0E66-49C0-914F-74D4E8F13B96}.Release|Any CPU.Build.0 = Release|Any CPU
		{2B957C3A-4D9B-4852-8573-A3B0832B4FE5}.Debug|Any CPU.ActiveCfg = Debug|Any CPU
		{2B957C3A-4D9B-4852-8573-A3B0832B4FE5}.Debug|Any CPU.Build.0 = Debug|Any CPU
		{2B957C3A-4D9B-4852-8573-A3B0832B4FE5}.Release|Any CPU.ActiveCfg = Release|Any CPU
		{2B957C3A-4D9B-4852-8573-A3B0832B4FE5}.Release|Any CPU.Build.0 = Release|Any CPU
		{51978822-7F6A-41A2-B871-6392150A7C34}.Debug|Any CPU.ActiveCfg = Debug|Any CPU
		{51978822-7F6A-41A2-B871-6392150A7C34}.Debug|Any CPU.Build.0 = Debug|Any CPU
		{51978822-7F6A-41A2-B871-6392150A7C34}.Release|Any CPU.ActiveCfg = Release|Any CPU
		{51978822-7F6A-41A2-B871-6392150A7C34}.Release|Any CPU.Build.0 = Release|Any CPU
		{8B715C9E-74D5-4A44-99B5-1CFFF70F7AFF}.Debug|Any CPU.ActiveCfg = Debug|Any CPU
		{8B715C9E-74D5-4A44-99B5-1CFFF70F7AFF}.Debug|Any CPU.Build.0 = Debug|Any CPU
		{8B715C9E-74D5-4A44-99B5-1CFFF70F7AFF}.Release|Any CPU.ActiveCfg = Release|Any CPU
		{8B715C9E-74D5-4A44-99B5-1CFFF70F7AFF}.Release|Any CPU.Build.0 = Release|Any CPU
		{79735950-E75B-44F1-B8D3-8227A4E26B01}.Debug|Any CPU.ActiveCfg = Debug|Any CPU
		{79735950-E75B-44F1-B8D3-8227A4E26B01}.Debug|Any CPU.Build.0 = Debug|Any CPU
		{79735950-E75B-44F1-B8D3-8227A4E26B01}.Release|Any CPU.ActiveCfg = Release|Any CPU
		{79735950-E75B-44F1-B8D3-8227A4E26B01}.Release|Any CPU.Build.0 = Release|Any CPU
		{57ED58A2-3F64-49CE-B3D6-8C8A1B1E1AFA}.Debug|Any CPU.ActiveCfg = Debug|Any CPU
		{57ED58A2-3F64-49CE-B3D6-8C8A1B1E1AFA}.Debug|Any CPU.Build.0 = Debug|Any CPU
		{57ED58A2-3F64-49CE-B3D6-8C8A1B1E1AFA}.Release|Any CPU.ActiveCfg = Release|Any CPU
		{57ED58A2-3F64-49CE-B3D6-8C8A1B1E1AFA}.Release|Any CPU.Build.0 = Release|Any CPU
		{74FAD53D-C9AA-40E4-985C-67BB0C242CD8}.Debug|Any CPU.ActiveCfg = Debug|Any CPU
		{74FAD53D-C9AA-40E4-985C-67BB0C242CD8}.Debug|Any CPU.Build.0 = Debug|Any CPU
		{74FAD53D-C9AA-40E4-985C-67BB0C242CD8}.Release|Any CPU.ActiveCfg = Release|Any CPU
		{74FAD53D-C9AA-40E4-985C-67BB0C242CD8}.Release|Any CPU.Build.0 = Release|Any CPU
		{40BF7C63-EBD6-4DF8-BE32-3FD7634E62C0}.Debug|Any CPU.ActiveCfg = Debug|Any CPU
		{40BF7C63-EBD6-4DF8-BE32-3FD7634E62C0}.Debug|Any CPU.Build.0 = Debug|Any CPU
		{40BF7C63-EBD6-4DF8-BE32-3FD7634E62C0}.Release|Any CPU.ActiveCfg = Release|Any CPU
		{40BF7C63-EBD6-4DF8-BE32-3FD7634E62C0}.Release|Any CPU.Build.0 = Release|Any CPU
		{011754CD-BFFD-46D5-87A8-BCF7DABD4675}.Debug|Any CPU.ActiveCfg = Debug|Any CPU
		{011754CD-BFFD-46D5-87A8-BCF7DABD4675}.Debug|Any CPU.Build.0 = Debug|Any CPU
		{011754CD-BFFD-46D5-87A8-BCF7DABD4675}.Release|Any CPU.ActiveCfg = Release|Any CPU
		{011754CD-BFFD-46D5-87A8-BCF7DABD4675}.Release|Any CPU.Build.0 = Release|Any CPU
	EndGlobalSection
	GlobalSection(SolutionProperties) = preSolution
		HideSolutionNode = FALSE
	EndGlobalSection
	GlobalSection(NestedProjects) = preSolution
		{79200ABC-648A-4880-ACAB-7B92AB1D3A23} = {47A930F6-D14D-49C3-9FFB-DFF92A9F19CA}
		{76DB8763-3A59-441F-8AA4-77C8088AD6D0} = {47A930F6-D14D-49C3-9FFB-DFF92A9F19CA}
		{C60CA30D-3F85-4EAD-8777-86097F4E0065} = {47A930F6-D14D-49C3-9FFB-DFF92A9F19CA}
		{DEEC94F5-7CE2-4FA7-840C-C7DE2DFA284E} = {F63F4EA3-55F2-4E43-8986-09979C26F906}
		{8B4BF4C7-AF0A-47C4-8B9D-F9D9FFE4CB42} = {F63F4EA3-55F2-4E43-8986-09979C26F906}
		{2B4194DB-4BCC-4325-8E5E-50C7BFE86BB4} = {F63F4EA3-55F2-4E43-8986-09979C26F906}
		{BE1DFAEE-3643-4D36-B93A-50975A85D216} = {1E4F4C68-F5FC-43BE-ABB1-B97FDDF2461B}
		{5E77D7C4-B221-487D-8F4F-A95BD93AD3E0} = {1E4F4C68-F5FC-43BE-ABB1-B97FDDF2461B}
		{FD203820-4528-45AC-A32F-E486E67F8DB2} = {1E4F4C68-F5FC-43BE-ABB1-B97FDDF2461B}
		{6F59F65E-5764-4634-A830-239FEA29737D} = {D9A497CE-A06B-4B8D-AA2B-708425ADE9F9}
		{A20F3736-D98A-46AD-A718-E5EAA620201E} = {D9A497CE-A06B-4B8D-AA2B-708425ADE9F9}
		{01BDB659-3D0C-412A-A215-49E5EE767E38} = {D9A497CE-A06B-4B8D-AA2B-708425ADE9F9}
		{D25EB61A-9160-4029-AAC9-9F956B194DD2} = {A21F8642-B9D8-4611-98D6-7D6124C0948D}
		{A8EA4C1C-80C9-4547-A059-032A4AB8C26D} = {A21F8642-B9D8-4611-98D6-7D6124C0948D}
		{AF39CA7E-EDB2-4C05-BB85-BB9D1A87E0D7} = {A21F8642-B9D8-4611-98D6-7D6124C0948D}
		{1643C0BA-0E66-49C0-914F-74D4E8F13B96} = {1A3B25A7-D1D3-4CD2-9AC7-11EFECA88B00}
		{2B957C3A-4D9B-4852-8573-A3B0832B4FE5} = {1A3B25A7-D1D3-4CD2-9AC7-11EFECA88B00}
		{51978822-7F6A-41A2-B871-6392150A7C34} = {1A3B25A7-D1D3-4CD2-9AC7-11EFECA88B00}
		{8B715C9E-74D5-4A44-99B5-1CFFF70F7AFF} = {D07A8A29-6B65-4CA8-A906-32E910CA9276}
		{79735950-E75B-44F1-B8D3-8227A4E26B01} = {D07A8A29-6B65-4CA8-A906-32E910CA9276}
		{57ED58A2-3F64-49CE-B3D6-8C8A1B1E1AFA} = {D07A8A29-6B65-4CA8-A906-32E910CA9276}
		{74FAD53D-C9AA-40E4-985C-67BB0C242CD8} = {AEBB3654-3BAF-46E3-82D6-6397C1E38E23}
		{40BF7C63-EBD6-4DF8-BE32-3FD7634E62C0} = {AEBB3654-3BAF-46E3-82D6-6397C1E38E23}
		{011754CD-BFFD-46D5-87A8-BCF7DABD4675} = {AEBB3654-3BAF-46E3-82D6-6397C1E38E23}
	EndGlobalSection
	GlobalSection(ExtensibilityGlobals) = postSolution
		SolutionGuid = {3CD98241-FB7F-40B2-9609-D42D9D78D943}
	EndGlobalSection
EndGlobal
