
Microsoft Visual Studio Solution File, Format Version 12.00
# Visual Studio Version 16
VisualStudioVersion = 16.0.33927.289
MinimumVisualStudioVersion = 10.0.40219.1
Project("{2150E333-8FDC-42A3-9474-1A3956D46DE8}") = "Task0", "Task0", "{47A930F6-D14D-49C3-9FFB-DFF92A9F19CA}"
EndProject
Project("{FAE04EC0-301F-11D3-BF4B-00C04F79EFBC}") = "Tyuiu.ShtolVA.Sprint2.Task0.V13", "Tyuiu.ShtolVA.Sprint2.Task0.V13\Tyuiu.ShtolVA.Sprint2.Task0.V13.csproj", "{79200ABC-648A-4880-ACAB-7B92AB1D3A23}"
EndProject
Project("{FAE04EC0-301F-11D3-BF4B-00C04F79EFBC}") = "Tyuiu.ShtolVA.Sprint2.Task0.V13.Lib", "Tyuiu.ShtolVA.Sprint2.Task0.V13.Lib\Tyuiu.ShtolVA.Sprint2.Task0.V13.Lib.csproj", "{76DB8763-3A59-441F-8AA4-77C8088AD6D0}"
EndProject
Project("{FAE04EC0-301F-11D3-BF4B-00C04F79EFBC}") = "Tyuiu.ShtolVA.Sprint2.Task0.V13.Test", "Tyuiu.ShtolVA.Sprint2.Task0.V13.Test\Tyuiu.ShtolVA.Sprint2.Task0.V13.Test.csproj", "{C60CA30D-3F85-4EAD-8777-86097F4E0065}"
EndProject
Global
	GlobalSection(SolutionConfigurationPlatforms) = preSolution
		Debug|Any CPU = Debug|Any CPU
		Release|Any CPU = Release|Any CPU
	EndGlobalSection
	GlobalSection(ProjectConfigurationPlatforms) = postSolution
		{79200ABC-648A-4880-ACAB-7B92AB1D3A23}.Debug|Any CPU.ActiveCfg = Debug|Any CPU
		{79200ABC-648A-4880-ACAB-7B92AB1D3A23}.Debug|Any CPU.Build.0 = Debug|Any CPU
		{79200ABC-648A-4880-ACAB-7B92AB1D3A23}.Release|Any CPU.ActiveCfg = Release|Any CPU
		{79200ABC-648A-4880-ACAB-7B92AB1D3A23}.Release|Any CPU.Build.0 = Release|Any CPU
		{76DB8763-3A59-441F-8AA4-77C8088AD6D0}.Debug|Any CPU.ActiveCfg = Debug|Any CPU
		{76DB8763-3A59-441F-8AA4-77C8088AD6D0}.Debug|Any CPU.Build.0 = Debug|Any CPU
		{76DB8763-3A59-441F-8AA4-77C8088AD6D0}.Release|Any CPU.ActiveCfg = Release|Any CPU
		{76DB8763-3A59-441F-8AA4-77C8088AD6D0}.Release|Any CPU.Build.0 = Release|Any CPU
		{C60CA30D-3F85-4EAD-8777-86097F4E0065}.Debug|Any CPU.ActiveCfg = Debug|Any CPU
		{C60CA30D-3F85-4EAD-8777-86097F4E0065}.Debug|Any CPU.Build.0 = Debug|Any CPU
		{C60CA30D-3F85-4EAD-8777-86097F4E0065}.Release|Any CPU.ActiveCfg = Release|Any CPU
		{C60CA30D-3F85-4EAD-8777-86097F4E0065}.Release|Any CPU.Build.0 = Release|Any CPU
	EndGlobalSection
	GlobalSection(SolutionProperties) = preSolution
		HideSolutionNode = FALSE
	EndGlobalSection
	GlobalSection(NestedProjects) = preSolution
		{79200ABC-648A-4880-ACAB-7B92AB1D3A23} = {47A930F6-D14D-49C3-9FFB-DFF92A9F19CA}
		{76DB8763-3A59-441F-8AA4-77C8088AD6D0} = {47A930F6-D14D-49C3-9FFB-DFF92A9F19CA}
		{C60CA30D-3F85-4EAD-8777-86097F4E0065} = {47A930F6-D14D-49C3-9FFB-DFF92A9F19CA}
	EndGlobalSection
	GlobalSection(ExtensibilityGlobals) = postSolution
		SolutionGuid = {3CD98241-FB7F-40B2-9609-D42D9D78D943}
	EndGlobalSection
EndGlobal
